PODS:
  - Amplify (1.29.1):
    - Amplify/Default (= 1.29.1)
  - Amplify/Default (1.29.1)
  - amplify_auth_cognito_ios (0.0.1):
    - Amplify (= 1.29.1)
    - amplify_core
    - AmplifyPlugins/AWSCognitoAuthPlugin (= 1.29.1)
    - Flutter
    - ObjectMapper
  - amplify_core (0.0.1):
    - Flutter
    - SwiftFormat/CLI
    - SwiftLint (= 0.48.0)
  - amplify_flutter_ios (0.0.1):
    - Amplify (= 1.29.1)
    - amplify_core
    - AmplifyPlugins/AWSCognitoAuthPlugin (= 1.29.1)
    - AWSPluginsCore (= 1.29.1)
    - Flutter
    - SwiftFormat/CLI
    - SwiftLint (= 0.48.0)
  - AmplifyPlugins/AWSCognitoAuthPlugin (1.29.1):
    - AWSAuthCore (~> 2.30.1)
    - AWSCognitoIdentityProvider (~> 2.30.1)
    - AWSCognitoIdentityProviderASF (~> 2.30.1)
    - AWSCore (~> 2.30.1)
    - AWSMobileClient (~> 2.30.1)
    - AWSPluginsCore (= 1.29.1)
  - AWSAuthCore (2.30.4):
    - AWSCore (= 2.30.4)
  - AWSCognitoIdentityProvider (2.30.4):
    - AWSCognitoIdentityProviderASF (= 2.30.4)
    - AWSCore (= 2.30.4)
  - AWSCognitoIdentityProviderASF (2.30.4):
    - AWSCore (= 2.30.4)
  - AWSCore (2.30.4)
  - AWSMobileClient (2.30.4):
    - AWSAuthCore (= 2.30.4)
    - AWSCognitoIdentityProvider (= 2.30.4)
    - AWSCognitoIdentityProviderASF (= 2.30.4)
    - AWSCore (= 2.30.4)
  - AWSPluginsCore (1.29.1):
    - Amplify (= 1.29.1)
    - AWSCore (~> 2.30.1)
  - Flutter (1.0.0)
  - ObjectMapper (4.2.0)
  - path_provider_foundation (0.0.1):
    - Flutter
    - FlutterMacOS
  - SwiftFormat/CLI (0.51.6)
  - SwiftLint (0.48.0)
  - url_launcher_ios (0.0.1):
    - Flutter

DEPENDENCIES:
  - amplify_auth_cognito_ios (from `.symlinks/plugins/amplify_auth_cognito_ios/ios`)
  - amplify_core (from `.symlinks/plugins/amplify_core/ios`)
  - amplify_flutter_ios (from `.symlinks/plugins/amplify_flutter_ios/ios`)
  - Flutter (from `Flutter`)
  - path_provider_foundation (from `.symlinks/plugins/path_provider_foundation/darwin`)
  - url_launcher_ios (from `.symlinks/plugins/url_launcher_ios/ios`)

SPEC REPOS:
  trunk:
    - Amplify
    - AmplifyPlugins
    - AWSAuthCore
    - AWSCognitoIdentityProvider
    - AWSCognitoIdentityProviderASF
    - AWSCore
    - AWSMobileClient
    - AWSPluginsCore
    - ObjectMapper
    - SwiftFormat
    - SwiftLint

EXTERNAL SOURCES:
  amplify_auth_cognito_ios:
    :path: ".symlinks/plugins/amplify_auth_cognito_ios/ios"
  amplify_core:
    :path: ".symlinks/plugins/amplify_core/ios"
  amplify_flutter_ios:
    :path: ".symlinks/plugins/amplify_flutter_ios/ios"
  Flutter:
    :path: Flutter
  path_provider_foundation:
    :path: ".symlinks/plugins/path_provider_foundation/darwin"
  url_launcher_ios:
    :path: ".symlinks/plugins/url_launcher_ios/ios"

SPEC CHECKSUMS:
  Amplify: b72bc02515114147a7be8c4f76ef4ecc41350a23
  amplify_auth_cognito_ios: 5260aed8aaa4e6c5a08a49695077c1b6f8d75251
  amplify_core: 0876b2fbbcec7619f5b58b20c59ecc0118f65a47
  amplify_flutter_ios: b215a2d52f8beeb9d30e29a99152c71fadc6730a
  AmplifyPlugins: f8fa63aafd782a44cf48abef656e759dcab3eb71
  AWSAuthCore: 42e2d4927d94e5e323b63b2ae885f287c51b5889
  AWSCognitoIdentityProvider: 2331f5f4c8c1775c6a228bb2dae2d353198401e8
  AWSCognitoIdentityProviderASF: d905c2acab3d2e7016b643d53ba553d5217fa929
  AWSCore: 19b8233fe2d0ed3ccf5cff833a615814282cdc90
  AWSMobileClient: 7d9c81e47ef27c6b5604858477006548eb1db342
  AWSPluginsCore: d2c3685072cf896a05f09b55686af476db7c0596
  Flutter: f04841e97a9d0b0a8025694d0796dd46242b2854
  ObjectMapper: 1eb41f610210777375fa806bf161dc39fb832b81
  path_provider_foundation: eaf5b3e458fc0e5fbb9940fb09980e853fe058b8
  SwiftFormat: b2062ab08a5c83c075e32355175c58b99e52187f
  SwiftLint: 284cea64b6187c5d6bd83e9a548a64104d546447
  url_launcher_ios: 08a3dfac5fb39e8759aeb0abbd5d9480f30fc8b4

PODFILE CHECKSUM: 98062737a849f065d2f617bfe765bbb10e0d7693

COCOAPODS: 1.11.3
